
Microsoft Visual Studio Solution File, Format Version 12.00
# Visual Studio Version 16
VisualStudioVersion = 16.0.29709.97
MinimumVisualStudioVersion = 10.0.40219.1
Project("{FAE04EC0-301F-11D3-BF4B-00C04F79EFBC}") = "AzureTrainingAppService001", "AzureTrainingAppService001\AzureTrainingAppService001.csproj", "{6BAD2903-8366-4D8B-8C89-90D602D6399D}"
EndProject
Global
	GlobalSection(SolutionConfigurationPlatforms) = preSolution
		Debug|Any CPU = Debug|Any CPU
		Release|Any CPU = Release|Any CPU
	EndGlobalSection
	GlobalSection(ProjectConfigurationPlatforms) = postSolution
		{6BAD2903-8366-4D8B-8C89-90D602D6399D}.Debug|Any CPU.ActiveCfg = Debug|Any CPU
		{6BAD2903-8366-4D8B-8C89-90D602D6399D}.Debug|Any CPU.Build.0 = Debug|Any CPU
		{6BAD2903-8366-4D8B-8C89-90D602D6399D}.Release|Any CPU.ActiveCfg = Release|Any CPU
		{6BAD2903-8366-4D8B-8C89-90D602D6399D}.Release|Any CPU.Build.0 = Release|Any CPU
	EndGlobalSection
	GlobalSection(SolutionProperties) = preSolution
		HideSolutionNode = FALSE
	EndGlobalSection
	GlobalSection(ExtensibilityGlobals) = postSolution
		SolutionGuid = {8FF299FC-5969-4F10-A3E0-99BE438DB7B5}
	EndGlobalSection
EndGlobal
